// !$*UTF8*$!
{
	archiveVersion = 1;
	classes = {
	};
	objectVersion = 46;
	objects = {

/* Begin PBXBuildFile section */
		E7B792A7159429E3008BC01C /* main.cpp in Sources */ = {isa = PBXBuildFile; fileRef = E7B792A6159429E3008BC01C /* main.cpp */; };
		E7B792A9159429E3008BC01C /* SmartBlurFilter.1 in CopyFiles */ = {isa = PBXBuildFile; fileRef = E7B792A8159429E3008BC01C /* SmartBlurFilter.1 */; };
		E7B792C715942C85008BC01C /* libopencv_contrib.2.4.0.dylib in Frameworks */ = {isa = PBXBuildFile; fileRef = E7B792B715942C85008BC01C /* libopencv_contrib.2.4.0.dylib */; };
		E7B792C815942C86008BC01C /* libopencv_core.2.4.0.dylib in Frameworks */ = {isa = PBXBuildFile; fileRef = E7B792B815942C85008BC01C /* libopencv_core.2.4.0.dylib */; };
		E7B792C915942C86008BC01C /* libopencv_features2d.2.4.0.dylib in Frameworks */ = {isa = PBXBuildFile; fileRef = E7B792B915942C85008BC01C /* libopencv_features2d.2.4.0.dylib */; };
		E7B792CA15942C86008BC01C /* libopencv_flann.2.4.0.dylib in Frameworks */ = {isa = PBXBuildFile; fileRef = E7B792BA15942C85008BC01C /* libopencv_flann.2.4.0.dylib */; };
		E7B792CB15942C86008BC01C /* libopencv_gpu.2.4.0.dylib in Frameworks */ = {isa = PBXBuildFile; fileRef = E7B792BB15942C85008BC01C /* libopencv_gpu.2.4.0.dylib */; };
		E7B792CC15942C86008BC01C /* libopencv_highgui.2.4.0.dylib in Frameworks */ = {isa = PBXBuildFile; fileRef = E7B792BC15942C85008BC01C /* libopencv_highgui.2.4.0.dylib */; };
		E7B792CD15942C86008BC01C /* libopencv_imgproc.2.4.0.dylib in Frameworks */ = {isa = PBXBuildFile; fileRef = E7B792BD15942C85008BC01C /* libopencv_imgproc.2.4.0.dylib */; };
		E7B792CE15942C86008BC01C /* libopencv_legacy.2.4.0.dylib in Frameworks */ = {isa = PBXBuildFile; fileRef = E7B792BE15942C85008BC01C /* libopencv_legacy.2.4.0.dylib */; };
		E7B792CF15942C86008BC01C /* libopencv_ml.2.4.0.dylib in Frameworks */ = {isa = PBXBuildFile; fileRef = E7B792BF15942C85008BC01C /* libopencv_ml.2.4.0.dylib */; };
		E7B792D015942C86008BC01C /* libopencv_nonfree.2.4.0.dylib in Frameworks */ = {isa = PBXBuildFile; fileRef = E7B792C015942C85008BC01C /* libopencv_nonfree.2.4.0.dylib */; };
		E7B792D115942C86008BC01C /* libopencv_objdetect.2.4.0.dylib in Frameworks */ = {isa = PBXBuildFile; fileRef = E7B792C115942C85008BC01C /* libopencv_objdetect.2.4.0.dylib */; };
		E7B792D215942C86008BC01C /* libopencv_photo.2.4.0.dylib in Frameworks */ = {isa = PBXBuildFile; fileRef = E7B792C215942C85008BC01C /* libopencv_photo.2.4.0.dylib */; };
		E7B792D315942C86008BC01C /* libopencv_stitching.2.4.0.dylib in Frameworks */ = {isa = PBXBuildFile; fileRef = E7B792C315942C85008BC01C /* libopencv_stitching.2.4.0.dylib */; };
		E7B792D415942C86008BC01C /* libopencv_ts.2.4.0.dylib in Frameworks */ = {isa = PBXBuildFile; fileRef = E7B792C415942C85008BC01C /* libopencv_ts.2.4.0.dylib */; };
		E7B792D515942C86008BC01C /* libopencv_video.2.4.0.dylib in Frameworks */ = {isa = PBXBuildFile; fileRef = E7B792C515942C85008BC01C /* libopencv_video.2.4.0.dylib */; };
		E7B792D615942C86008BC01C /* libopencv_videostab.2.4.0.dylib in Frameworks */ = {isa = PBXBuildFile; fileRef = E7B792C615942C85008BC01C /* libopencv_videostab.2.4.0.dylib */; };
		E7B792E115943162008BC01C /* SmartBlurFilter.cpp in Sources */ = {isa = PBXBuildFile; fileRef = E7B792E015943162008BC01C /* SmartBlurFilter.cpp */; };
/* End PBXBuildFile section */

/* Begin PBXCopyFilesBuildPhase section */
		E7B792A0159429E3008BC01C /* CopyFiles */ = {
			isa = PBXCopyFilesBuildPhase;
			buildActionMask = 2147483647;
			dstPath = /usr/share/man/man1/;
			dstSubfolderSpec = 0;
			files = (
				E7B792A9159429E3008BC01C /* SmartBlurFilter.1 in CopyFiles */,
			);
			runOnlyForDeploymentPostprocessing = 1;
		};
/* End PBXCopyFilesBuildPhase section */

/* Begin PBXFileReference section */
		E7B792A2159429E3008BC01C /* SmartBlurFilter */ = {isa = PBXFileReference; explicitFileType = "compiled.mach-o.executable"; includeInIndex = 0; path = SmartBlurFilter; sourceTree = BUILT_PRODUCTS_DIR; };
		E7B792A6159429E3008BC01C /* main.cpp */ = {isa = PBXFileReference; lastKnownFileType = sourcecode.cpp.cpp; path = main.cpp; sourceTree = "<group>"; };
		E7B792A8159429E3008BC01C /* SmartBlurFilter.1 */ = {isa = PBXFileReference; lastKnownFileType = text.man; path = SmartBlurFilter.1; sourceTree = "<group>"; };
		E7B792B715942C85008BC01C /* libopencv_contrib.2.4.0.dylib */ = {isa = PBXFileReference; lastKnownFileType = "compiled.mach-o.dylib"; path = libopencv_contrib.2.4.0.dylib; sourceTree = "<group>"; };
		E7B792B815942C85008BC01C /* libopencv_core.2.4.0.dylib */ = {isa = PBXFileReference; lastKnownFileType = "compiled.mach-o.dylib"; path = libopencv_core.2.4.0.dylib; sourceTree = "<group>"; };
		E7B792B915942C85008BC01C /* libopencv_features2d.2.4.0.dylib */ = {isa = PBXFileReference; lastKnownFileType = "compiled.mach-o.dylib"; path = libopencv_features2d.2.4.0.dylib; sourceTree = "<group>"; };
		E7B792BA15942C85008BC01C /* libopencv_flann.2.4.0.dylib */ = {isa = PBXFileReference; lastKnownFileType = "compiled.mach-o.dylib"; path = libopencv_flann.2.4.0.dylib; sourceTree = "<group>"; };
		E7B792BB15942C85008BC01C /* libopencv_gpu.2.4.0.dylib */ = {isa = PBXFileReference; lastKnownFileType = "compiled.mach-o.dylib"; path = libopencv_gpu.2.4.0.dylib; sourceTree = "<group>"; };
		E7B792BC15942C85008BC01C /* libopencv_highgui.2.4.0.dylib */ = {isa = PBXFileReference; lastKnownFileType = "compiled.mach-o.dylib"; path = libopencv_highgui.2.4.0.dylib; sourceTree = "<group>"; };
		E7B792BD15942C85008BC01C /* libopencv_imgproc.2.4.0.dylib */ = {isa = PBXFileReference; lastKnownFileType = "compiled.mach-o.dylib"; path = libopencv_imgproc.2.4.0.dylib; sourceTree = "<group>"; };
		E7B792BE15942C85008BC01C /* libopencv_legacy.2.4.0.dylib */ = {isa = PBXFileReference; lastKnownFileType = "compiled.mach-o.dylib"; path = libopencv_legacy.2.4.0.dylib; sourceTree = "<group>"; };
		E7B792BF15942C85008BC01C /* libopencv_ml.2.4.0.dylib */ = {isa = PBXFileReference; lastKnownFileType = "compiled.mach-o.dylib"; path = libopencv_ml.2.4.0.dylib; sourceTree = "<group>"; };
		E7B792C015942C85008BC01C /* libopencv_nonfree.2.4.0.dylib */ = {isa = PBXFileReference; lastKnownFileType = "compiled.mach-o.dylib"; path = libopencv_nonfree.2.4.0.dylib; sourceTree = "<group>"; };
		E7B792C115942C85008BC01C /* libopencv_objdetect.2.4.0.dylib */ = {isa = PBXFileReference; lastKnownFileType = "compiled.mach-o.dylib"; path = libopencv_objdetect.2.4.0.dylib; sourceTree = "<group>"; };
		E7B792C215942C85008BC01C /* libopencv_photo.2.4.0.dylib */ = {isa = PBXFileReference; lastKnownFileType = "compiled.mach-o.dylib"; path = libopencv_photo.2.4.0.dylib; sourceTree = "<group>"; };
		E7B792C315942C85008BC01C /* libopencv_stitching.2.4.0.dylib */ = {isa = PBXFileReference; lastKnownFileType = "compiled.mach-o.dylib"; path = libopencv_stitching.2.4.0.dylib; sourceTree = "<group>"; };
		E7B792C415942C85008BC01C /* libopencv_ts.2.4.0.dylib */ = {isa = PBXFileReference; lastKnownFileType = "compiled.mach-o.dylib"; path = libopencv_ts.2.4.0.dylib; sourceTree = "<group>"; };
		E7B792C515942C85008BC01C /* libopencv_video.2.4.0.dylib */ = {isa = PBXFileReference; lastKnownFileType = "compiled.mach-o.dylib"; path = libopencv_video.2.4.0.dylib; sourceTree = "<group>"; };
		E7B792C615942C85008BC01C /* libopencv_videostab.2.4.0.dylib */ = {isa = PBXFileReference; lastKnownFileType = "compiled.mach-o.dylib"; path = libopencv_videostab.2.4.0.dylib; sourceTree = "<group>"; };
		E7B792DF15943149008BC01C /* SmartBlurFilter.h */ = {isa = PBXFileReference; lastKnownFileType = sourcecode.c.h; path = SmartBlurFilter.h; sourceTree = "<group>"; };
		E7B792E015943162008BC01C /* SmartBlurFilter.cpp */ = {isa = PBXFileReference; fileEncoding = 4; lastKnownFileType = sourcecode.cpp.cpp; path = SmartBlurFilter.cpp; sourceTree = "<group>"; };
/* End PBXFileReference section */

/* Begin PBXFrameworksBuildPhase section */
		E7B7929F159429E3008BC01C /* Frameworks */ = {
			isa = PBXFrameworksBuildPhase;
			buildActionMask = 2147483647;
			files = (
				E7B792C715942C85008BC01C /* libopencv_contrib.2.4.0.dylib in Frameworks */,
				E7B792C815942C86008BC01C /* libopencv_core.2.4.0.dylib in Frameworks */,
				E7B792C915942C86008BC01C /* libopencv_features2d.2.4.0.dylib in Frameworks */,
				E7B792CA15942C86008BC01C /* libopencv_flann.2.4.0.dylib in Frameworks */,
				E7B792CB15942C86008BC01C /* libopencv_gpu.2.4.0.dylib in Frameworks */,
				E7B792CC15942C86008BC01C /* libopencv_highgui.2.4.0.dylib in Frameworks */,
				E7B792CD15942C86008BC01C /* libopencv_imgproc.2.4.0.dylib in Frameworks */,
				E7B792CE15942C86008BC01C /* libopencv_legacy.2.4.0.dylib in Frameworks */,
				E7B792CF15942C86008BC01C /* libopencv_ml.2.4.0.dylib in Frameworks */,
				E7B792D015942C86008BC01C /* libopencv_nonfree.2.4.0.dylib in Frameworks */,
				E7B792D115942C86008BC01C /* libopencv_objdetect.2.4.0.dylib in Frameworks */,
				E7B792D215942C86008BC01C /* libopencv_photo.2.4.0.dylib in Frameworks */,
				E7B792D315942C86008BC01C /* libopencv_stitching.2.4.0.dylib in Frameworks */,
				E7B792D415942C86008BC01C /* libopencv_ts.2.4.0.dylib in Frameworks */,
				E7B792D515942C86008BC01C /* libopencv_video.2.4.0.dylib in Frameworks */,
				E7B792D615942C86008BC01C /* libopencv_videostab.2.4.0.dylib in Frameworks */,
			);
			runOnlyForDeploymentPostprocessing = 0;
		};
/* End PBXFrameworksBuildPhase section */

/* Begin PBXGroup section */
		E7B79297159429E3008BC01C = {
			isa = PBXGroup;
			children = (
				E7B792D715942C90008BC01C /* OpenCV lib */,
				E7B792A5159429E3008BC01C /* SmartBlurFilter */,
				E7B792A3159429E3008BC01C /* Products */,
			);
			sourceTree = "<group>";
		};
		E7B792A3159429E3008BC01C /* Products */ = {
			isa = PBXGroup;
			children = (
				E7B792A2159429E3008BC01C /* SmartBlurFilter */,
			);
			name = Products;
			sourceTree = "<group>";
		};
		E7B792A5159429E3008BC01C /* SmartBlurFilter */ = {
			isa = PBXGroup;
			children = (
				E7B792A6159429E3008BC01C /* main.cpp */,
				E7B792A8159429E3008BC01C /* SmartBlurFilter.1 */,
				E7B792DF15943149008BC01C /* SmartBlurFilter.h */,
				E7B792E015943162008BC01C /* SmartBlurFilter.cpp */,
			);
			path = SmartBlurFilter;
			sourceTree = "<group>";
		};
		E7B792D715942C90008BC01C /* OpenCV lib */ = {
			isa = PBXGroup;
			children = (
				E7B792B715942C85008BC01C /* libopencv_contrib.2.4.0.dylib */,
				E7B792B815942C85008BC01C /* libopencv_core.2.4.0.dylib */,
				E7B792B915942C85008BC01C /* libopencv_features2d.2.4.0.dylib */,
				E7B792BA15942C85008BC01C /* libopencv_flann.2.4.0.dylib */,
				E7B792BB15942C85008BC01C /* libopencv_gpu.2.4.0.dylib */,
				E7B792BC15942C85008BC01C /* libopencv_highgui.2.4.0.dylib */,
				E7B792BD15942C85008BC01C /* libopencv_imgproc.2.4.0.dylib */,
				E7B792BE15942C85008BC01C /* libopencv_legacy.2.4.0.dylib */,
				E7B792BF15942C85008BC01C /* libopencv_ml.2.4.0.dylib */,
				E7B792C015942C85008BC01C /* libopencv_nonfree.2.4.0.dylib */,
				E7B792C115942C85008BC01C /* libopencv_objdetect.2.4.0.dylib */,
				E7B792C215942C85008BC01C /* libopencv_photo.2.4.0.dylib */,
				E7B792C315942C85008BC01C /* libopencv_stitching.2.4.0.dylib */,
				E7B792C415942C85008BC01C /* libopencv_ts.2.4.0.dylib */,
				E7B792C515942C85008BC01C /* libopencv_video.2.4.0.dylib */,
				E7B792C615942C85008BC01C /* libopencv_videostab.2.4.0.dylib */,
			);
			name = "OpenCV lib";
			path = SmartBlurFilter;
			sourceTree = "<group>";
		};
/* End PBXGroup section */

/* Begin PBXNativeTarget section */
		E7B792A1159429E3008BC01C /* SmartBlurFilter */ = {
			isa = PBXNativeTarget;
			buildConfigurationList = E7B792AC159429E3008BC01C /* Build configuration list for PBXNativeTarget "SmartBlurFilter" */;
			buildPhases = (
				E7B7929E159429E3008BC01C /* Sources */,
				E7B7929F159429E3008BC01C /* Frameworks */,
				E7B792A0159429E3008BC01C /* CopyFiles */,
			);
			buildRules = (
			);
			dependencies = (
			);
			name = SmartBlurFilter;
			productName = SmartBlurFilter;
			productReference = E7B792A2159429E3008BC01C /* SmartBlurFilter */;
			productType = "com.apple.product-type.tool";
		};
/* End PBXNativeTarget section */

/* Begin PBXProject section */
		E7B79299159429E3008BC01C /* Project object */ = {
			isa = PBXProject;
			attributes = {
				LastUpgradeCheck = 0430;
				ORGANIZATIONNAME = home;
			};
			buildConfigurationList = E7B7929C159429E3008BC01C /* Build configuration list for PBXProject "SmartBlurFilter" */;
			compatibilityVersion = "Xcode 3.2";
			developmentRegion = English;
			hasScannedForEncodings = 0;
			knownRegions = (
				en,
			);
			mainGroup = E7B79297159429E3008BC01C;
			productRefGroup = E7B792A3159429E3008BC01C /* Products */;
			projectDirPath = "";
			projectRoot = "";
			targets = (
				E7B792A1159429E3008BC01C /* SmartBlurFilter */,
			);
		};
/* End PBXProject section */

/* Begin PBXSourcesBuildPhase section */
		E7B7929E159429E3008BC01C /* Sources */ = {
			isa = PBXSourcesBuildPhase;
			buildActionMask = 2147483647;
			files = (
				E7B792A7159429E3008BC01C /* main.cpp in Sources */,
				E7B792E115943162008BC01C /* SmartBlurFilter.cpp in Sources */,
			);
			runOnlyForDeploymentPostprocessing = 0;
		};
/* End PBXSourcesBuildPhase section */

/* Begin XCBuildConfiguration section */
		E7B792AA159429E3008BC01C /* Debug */ = {
			isa = XCBuildConfiguration;
			buildSettings = {
				ALWAYS_SEARCH_USER_PATHS = NO;
				ARCHS = "$(ARCHS_STANDARD_64_BIT)";
				CLANG_ENABLE_OBJC_ARC = YES;
				COPY_PHASE_STRIP = NO;
				GCC_C_LANGUAGE_STANDARD = gnu99;
				GCC_DYNAMIC_NO_PIC = NO;
				GCC_ENABLE_OBJC_EXCEPTIONS = YES;
				GCC_OPTIMIZATION_LEVEL = 0;
				GCC_PREPROCESSOR_DEFINITIONS = (
					"DEBUG=1",
					"$(inherited)",
				);
				GCC_SYMBOLS_PRIVATE_EXTERN = NO;
				GCC_VERSION = com.apple.compilers.llvm.clang.1_0;
				GCC_WARN_64_TO_32_BIT_CONVERSION = YES;
				GCC_WARN_ABOUT_RETURN_TYPE = YES;
				GCC_WARN_UNINITIALIZED_AUTOS = YES;
				GCC_WARN_UNUSED_VARIABLE = YES;
				MACOSX_DEPLOYMENT_TARGET = 10.7;
				ONLY_ACTIVE_ARCH = YES;
				SDKROOT = macosx;
			};
			name = Debug;
		};
		E7B792AB159429E3008BC01C /* Release */ = {
			isa = XCBuildConfiguration;
			buildSettings = {
				ALWAYS_SEARCH_USER_PATHS = NO;
				ARCHS = "$(ARCHS_STANDARD_64_BIT)";
				CLANG_ENABLE_OBJC_ARC = YES;
				COPY_PHASE_STRIP = YES;
				DEBUG_INFORMATION_FORMAT = "dwarf-with-dsym";
				GCC_C_LANGUAGE_STANDARD = gnu99;
				GCC_ENABLE_OBJC_EXCEPTIONS = YES;
				GCC_VERSION = com.apple.compilers.llvm.clang.1_0;
				GCC_WARN_64_TO_32_BIT_CONVERSION = YES;
				GCC_WARN_ABOUT_RETURN_TYPE = YES;
				GCC_WARN_UNINITIALIZED_AUTOS = YES;
				GCC_WARN_UNUSED_VARIABLE = YES;
				MACOSX_DEPLOYMENT_TARGET = 10.7;
				SDKROOT = macosx;
			};
			name = Release;
		};
		E7B792AD159429E3008BC01C /* Debug */ = {
			isa = XCBuildConfiguration;
			buildSettings = {
				HEADER_SEARCH_PATHS = "/usr/local/include/**";
				LIBRARY_SEARCH_PATHS = (
					"/usr/local/lib/**",
					"\"$(SRCROOT)/SmartBlurFilter\"",
				);
				PRODUCT_NAME = "$(TARGET_NAME)";
			};
			name = Debug;
		};
		E7B792AE159429E3008BC01C /* Release */ = {
			isa = XCBuildConfiguration;
			buildSettings = {
				HEADER_SEARCH_PATHS = "/usr/local/include/**";
				LIBRARY_SEARCH_PATHS = (
					"/usr/local/lib/**",
					"\"$(SRCROOT)/SmartBlurFilter\"",
				);
				PRODUCT_NAME = "$(TARGET_NAME)";
			};
			name = Release;
		};
/* End XCBuildConfiguration section */

/* Begin XCConfigurationList section */
		E7B7929C159429E3008BC01C /* Build configuration list for PBXProject "SmartBlurFilter" */ = {
			isa = XCConfigurationList;
			buildConfigurations = (
				E7B792AA159429E3008BC01C /* Debug */,
				E7B792AB159429E3008BC01C /* Release */,
			);
			defaultConfigurationIsVisible = 0;
			defaultConfigurationName = Release;
		};
		E7B792AC159429E3008BC01C /* Build configuration list for PBXNativeTarget "SmartBlurFilter" */ = {
			isa = XCConfigurationList;
			buildConfigurations = (
				E7B792AD159429E3008BC01C /* Debug */,
				E7B792AE159429E3008BC01C /* Release */,
			);
			defaultConfigurationIsVisible = 0;
			defaultConfigurationName = Release;
		};
/* End XCConfigurationList section */
	};
	rootObject = E7B79299159429E3008BC01C /* Project object */;
}
